// !$*UTF8*$!
{
	archiveVersion = 1;
	classes = {
	};
	objectVersion = 56;
	objects = {

/* Begin PBXBuildFile section */
		2022AC952AD4089300F27AED /* Date+Extension.swift in Sources */ = {isa = PBXBuildFile; fileRef = 2022AC942AD4089300F27AED /* Date+Extension.swift */; };
		202AF53F2AC5C34D009E75C8 /* HabitTrackerApp.swift in Sources */ = {isa = PBXBuildFile; fileRef = 202AF53E2AC5C34D009E75C8 /* HabitTrackerApp.swift */; };
		202AF5412AC5C34D009E75C8 /* ContentView.swift in Sources */ = {isa = PBXBuildFile; fileRef = 202AF5402AC5C34D009E75C8 /* ContentView.swift */; };
		202AF5432AC5C34E009E75C8 /* Assets.xcassets in Resources */ = {isa = PBXBuildFile; fileRef = 202AF5422AC5C34E009E75C8 /* Assets.xcassets */; };
		202AF5462AC5C34E009E75C8 /* Preview Assets.xcassets in Resources */ = {isa = PBXBuildFile; fileRef = 202AF5452AC5C34E009E75C8 /* Preview Assets.xcassets */; };
		202AF5582AC5C5C6009E75C8 /* AddNewHabitView.swift in Sources */ = {isa = PBXBuildFile; fileRef = 202AF5572AC5C5C5009E75C8 /* AddNewHabitView.swift */; };
		203780D12ACC0E6E005C2F33 /* WeekDayEntity.swift in Sources */ = {isa = PBXBuildFile; fileRef = 203780D02ACC0E6E005C2F33 /* WeekDayEntity.swift */; };
		203780D42ACC3EDF005C2F33 /* Enums.swift in Sources */ = {isa = PBXBuildFile; fileRef = 203780D32ACC3EDF005C2F33 /* Enums.swift */; };
		204437752ACD25EE00AFD650 /* FrequencyView.swift in Sources */ = {isa = PBXBuildFile; fileRef = 204437742ACD25ED00AFD650 /* FrequencyView.swift */; };
		204437782ACD3A6300AFD650 /* RepeatView.swift in Sources */ = {isa = PBXBuildFile; fileRef = 204437772ACD3A6300AFD650 /* RepeatView.swift */; };
		2044377A2ACD91B100AFD650 /* TimeRangeView.swift in Sources */ = {isa = PBXBuildFile; fileRef = 204437792ACD91B100AFD650 /* TimeRangeView.swift */; };
		2044377F2ACDA08200AFD650 /* RemainderView.swift in Sources */ = {isa = PBXBuildFile; fileRef = 2044377E2ACDA08200AFD650 /* RemainderView.swift */; };
		206066FA2AD7B2800012A0E5 /* HabitDetailView.swift in Sources */ = {isa = PBXBuildFile; fileRef = 206066F92AD7B2800012A0E5 /* HabitDetailView.swift */; };
		206066FC2AD7C13A0012A0E5 /* HabitDetailViewModel.swift in Sources */ = {isa = PBXBuildFile; fileRef = 206066FB2AD7C13A0012A0E5 /* HabitDetailViewModel.swift */; };
		206066FE2AD7CD140012A0E5 /* PomodoroTimer.swift in Sources */ = {isa = PBXBuildFile; fileRef = 206066FD2AD7CD140012A0E5 /* PomodoroTimer.swift */; };
		206067002AD7F4CF0012A0E5 /* PomodoroTimerView.swift in Sources */ = {isa = PBXBuildFile; fileRef = 206066FF2AD7F4CF0012A0E5 /* PomodoroTimerView.swift */; };
		2060670A2AD91B020012A0E5 /* ProgressRing.swift in Sources */ = {isa = PBXBuildFile; fileRef = 206067092AD91B020012A0E5 /* ProgressRing.swift */; };
		2060670C2AD920B40012A0E5 /* IconCircleButton.swift in Sources */ = {isa = PBXBuildFile; fileRef = 2060670B2AD920B40012A0E5 /* IconCircleButton.swift */; };
		2060670E2AD9473E0012A0E5 /* CircularStepperView.swift in Sources */ = {isa = PBXBuildFile; fileRef = 2060670D2AD9473E0012A0E5 /* CircularStepperView.swift */; };
		207E7B8C2AC5ED18008CD6FD /* HabitContainer.xcdatamodeld in Sources */ = {isa = PBXBuildFile; fileRef = 207E7B8A2AC5ED18008CD6FD /* HabitContainer.xcdatamodeld */; };
		207E7B8F2AC5ED4D008CD6FD /* PersistenceController.swift in Sources */ = {isa = PBXBuildFile; fileRef = 207E7B8E2AC5ED4D008CD6FD /* PersistenceController.swift */; };
		20B7356D2AC876E20086E6FF /* AddNewHabitViewModel.swift in Sources */ = {isa = PBXBuildFile; fileRef = 20B7356C2AC876E20086E6FF /* AddNewHabitViewModel.swift */; };
		20B7356F2ACBD0E60086E6FF /* HabitListView.swift in Sources */ = {isa = PBXBuildFile; fileRef = 20B7356E2ACBD0E60086E6FF /* HabitListView.swift */; };
		20B735712ACBDA6C0086E6FF /* HabitEntity.swift in Sources */ = {isa = PBXBuildFile; fileRef = 20B735702ACBDA6C0086E6FF /* HabitEntity.swift */; };
		20CE68292ACE93C00064060E /* NotificationManager.swift in Sources */ = {isa = PBXBuildFile; fileRef = 20CE68282ACE93C00064060E /* NotificationManager.swift */; };
		20CE682B2ACFC25A0064060E /* HabitListViewModel.swift in Sources */ = {isa = PBXBuildFile; fileRef = 20CE682A2ACFC25A0064060E /* HabitListViewModel.swift */; };
		20CE682D2ACFE8E60064060E /* RoundedRectProgressBar.swift in Sources */ = {isa = PBXBuildFile; fileRef = 20CE682C2ACFE8E60064060E /* RoundedRectProgressBar.swift */; };
		20CE682F2AD008DE0064060E /* FilteredHabitsView.swift in Sources */ = {isa = PBXBuildFile; fileRef = 20CE682E2AD008DE0064060E /* FilteredHabitsView.swift */; };
/* End PBXBuildFile section */

/* Begin PBXFileReference section */
		2022AC942AD4089300F27AED /* Date+Extension.swift */ = {isa = PBXFileReference; lastKnownFileType = sourcecode.swift; path = "Date+Extension.swift"; sourceTree = "<group>"; };
		202AF53B2AC5C34D009E75C8 /* HabitTracker.app */ = {isa = PBXFileReference; explicitFileType = wrapper.application; includeInIndex = 0; path = HabitTracker.app; sourceTree = BUILT_PRODUCTS_DIR; };
		202AF53E2AC5C34D009E75C8 /* HabitTrackerApp.swift */ = {isa = PBXFileReference; lastKnownFileType = sourcecode.swift; path = HabitTrackerApp.swift; sourceTree = "<group>"; };
		202AF5402AC5C34D009E75C8 /* ContentView.swift */ = {isa = PBXFileReference; lastKnownFileType = sourcecode.swift; path = ContentView.swift; sourceTree = "<group>"; };
		202AF5422AC5C34E009E75C8 /* Assets.xcassets */ = {isa = PBXFileReference; lastKnownFileType = folder.assetcatalog; path = Assets.xcassets; sourceTree = "<group>"; };
		202AF5452AC5C34E009E75C8 /* Preview Assets.xcassets */ = {isa = PBXFileReference; lastKnownFileType = folder.assetcatalog; path = "Preview Assets.xcassets"; sourceTree = "<group>"; };
		202AF5572AC5C5C5009E75C8 /* AddNewHabitView.swift */ = {isa = PBXFileReference; lastKnownFileType = sourcecode.swift; path = AddNewHabitView.swift; sourceTree = "<group>"; };
		203780D02ACC0E6E005C2F33 /* WeekDayEntity.swift */ = {isa = PBXFileReference; lastKnownFileType = sourcecode.swift; path = WeekDayEntity.swift; sourceTree = "<group>"; };
		203780D32ACC3EDF005C2F33 /* Enums.swift */ = {isa = PBXFileReference; lastKnownFileType = sourcecode.swift; path = Enums.swift; sourceTree = "<group>"; };
		204437742ACD25ED00AFD650 /* FrequencyView.swift */ = {isa = PBXFileReference; lastKnownFileType = sourcecode.swift; path = FrequencyView.swift; sourceTree = "<group>"; };
		204437772ACD3A6300AFD650 /* RepeatView.swift */ = {isa = PBXFileReference; lastKnownFileType = sourcecode.swift; path = RepeatView.swift; sourceTree = "<group>"; };
		204437792ACD91B100AFD650 /* TimeRangeView.swift */ = {isa = PBXFileReference; lastKnownFileType = sourcecode.swift; path = TimeRangeView.swift; sourceTree = "<group>"; };
		2044377E2ACDA08200AFD650 /* RemainderView.swift */ = {isa = PBXFileReference; lastKnownFileType = sourcecode.swift; path = RemainderView.swift; sourceTree = "<group>"; };
		206066F92AD7B2800012A0E5 /* HabitDetailView.swift */ = {isa = PBXFileReference; lastKnownFileType = sourcecode.swift; path = HabitDetailView.swift; sourceTree = "<group>"; };
		206066FB2AD7C13A0012A0E5 /* HabitDetailViewModel.swift */ = {isa = PBXFileReference; lastKnownFileType = sourcecode.swift; path = HabitDetailViewModel.swift; sourceTree = "<group>"; };
		206066FD2AD7CD140012A0E5 /* PomodoroTimer.swift */ = {isa = PBXFileReference; lastKnownFileType = sourcecode.swift; path = PomodoroTimer.swift; sourceTree = "<group>"; };
		206066FF2AD7F4CF0012A0E5 /* PomodoroTimerView.swift */ = {isa = PBXFileReference; lastKnownFileType = sourcecode.swift; path = PomodoroTimerView.swift; sourceTree = "<group>"; };
		206067092AD91B020012A0E5 /* ProgressRing.swift */ = {isa = PBXFileReference; lastKnownFileType = sourcecode.swift; path = ProgressRing.swift; sourceTree = "<group>"; };
		2060670B2AD920B40012A0E5 /* IconCircleButton.swift */ = {isa = PBXFileReference; lastKnownFileType = sourcecode.swift; path = IconCircleButton.swift; sourceTree = "<group>"; };
		2060670D2AD9473E0012A0E5 /* CircularStepperView.swift */ = {isa = PBXFileReference; lastKnownFileType = sourcecode.swift; path = CircularStepperView.swift; sourceTree = "<group>"; };
		207E7B8B2AC5ED18008CD6FD /* HabitContainer.xcdatamodel */ = {isa = PBXFileReference; lastKnownFileType = wrapper.xcdatamodel; path = HabitContainer.xcdatamodel; sourceTree = "<group>"; };
		207E7B8E2AC5ED4D008CD6FD /* PersistenceController.swift */ = {isa = PBXFileReference; lastKnownFileType = sourcecode.swift; path = PersistenceController.swift; sourceTree = "<group>"; };
		20B7356C2AC876E20086E6FF /* AddNewHabitViewModel.swift */ = {isa = PBXFileReference; lastKnownFileType = sourcecode.swift; path = AddNewHabitViewModel.swift; sourceTree = "<group>"; };
		20B7356E2ACBD0E60086E6FF /* HabitListView.swift */ = {isa = PBXFileReference; lastKnownFileType = sourcecode.swift; path = HabitListView.swift; sourceTree = "<group>"; };
		20B735702ACBDA6C0086E6FF /* HabitEntity.swift */ = {isa = PBXFileReference; lastKnownFileType = sourcecode.swift; path = HabitEntity.swift; sourceTree = "<group>"; };
		20CE68282ACE93C00064060E /* NotificationManager.swift */ = {isa = PBXFileReference; lastKnownFileType = sourcecode.swift; path = NotificationManager.swift; sourceTree = "<group>"; };
		20CE682A2ACFC25A0064060E /* HabitListViewModel.swift */ = {isa = PBXFileReference; lastKnownFileType = sourcecode.swift; path = HabitListViewModel.swift; sourceTree = "<group>"; };
		20CE682C2ACFE8E60064060E /* RoundedRectProgressBar.swift */ = {isa = PBXFileReference; lastKnownFileType = sourcecode.swift; path = RoundedRectProgressBar.swift; sourceTree = "<group>"; };
		20CE682E2AD008DE0064060E /* FilteredHabitsView.swift */ = {isa = PBXFileReference; lastKnownFileType = sourcecode.swift; path = FilteredHabitsView.swift; sourceTree = "<group>"; };
/* End PBXFileReference section */

/* Begin PBXFrameworksBuildPhase section */
		202AF5382AC5C34D009E75C8 /* Frameworks */ = {
			isa = PBXFrameworksBuildPhase;
			buildActionMask = 2147483647;
			files = (
			);
			runOnlyForDeploymentPostprocessing = 0;
		};
/* End PBXFrameworksBuildPhase section */

/* Begin PBXGroup section */
		202AF5322AC5C34C009E75C8 = {
			isa = PBXGroup;
			children = (
				202AF53D2AC5C34D009E75C8 /* HabitTracker */,
				202AF53C2AC5C34D009E75C8 /* Products */,
			);
			sourceTree = "<group>";
		};
		202AF53C2AC5C34D009E75C8 /* Products */ = {
			isa = PBXGroup;
			children = (
				202AF53B2AC5C34D009E75C8 /* HabitTracker.app */,
			);
			name = Products;
			sourceTree = "<group>";
		};
		202AF53D2AC5C34D009E75C8 /* HabitTracker */ = {
			isa = PBXGroup;
			children = (
				202AF5562AC5C47B009E75C8 /* CustomControls */,
				202AF5522AC5C420009E75C8 /* App */,
				202AF54C2AC5C394009E75C8 /* Resources */,
				202AF54E2AC5C3A6009E75C8 /* Utilities */,
				202AF54D2AC5C3A0009E75C8 /* Models */,
				202AF54F2AC5C3B2009E75C8 /* Core */,
				202AF5402AC5C34D009E75C8 /* ContentView.swift */,
				202AF5442AC5C34E009E75C8 /* Preview Content */,
			);
			path = HabitTracker;
			sourceTree = "<group>";
		};
		202AF5442AC5C34E009E75C8 /* Preview Content */ = {
			isa = PBXGroup;
			children = (
				202AF5452AC5C34E009E75C8 /* Preview Assets.xcassets */,
			);
			path = "Preview Content";
			sourceTree = "<group>";
		};
		202AF54C2AC5C394009E75C8 /* Resources */ = {
			isa = PBXGroup;
			children = (
				202AF5422AC5C34E009E75C8 /* Assets.xcassets */,
			);
			path = Resources;
			sourceTree = "<group>";
		};
		202AF54D2AC5C3A0009E75C8 /* Models */ = {
			isa = PBXGroup;
			children = (
				207E7B8A2AC5ED18008CD6FD /* HabitContainer.xcdatamodeld */,
				203780D02ACC0E6E005C2F33 /* WeekDayEntity.swift */,
				20B735702ACBDA6C0086E6FF /* HabitEntity.swift */,
				203780D32ACC3EDF005C2F33 /* Enums.swift */,
			);
			path = Models;
			sourceTree = "<group>";
		};
		202AF54E2AC5C3A6009E75C8 /* Utilities */ = {
			isa = PBXGroup;
			children = (
				207E7B8D2AC5ED36008CD6FD /* Providers */,
				202AF5552AC5C44F009E75C8 /* Styles */,
				202AF5542AC5C448009E75C8 /* Extension */,
				202AF5532AC5C443009E75C8 /* Managers */,
			);
			path = Utilities;
			sourceTree = "<group>";
		};
		202AF54F2AC5C3B2009E75C8 /* Core */ = {
			isa = PBXGroup;
			children = (
				2044377B2ACD94BE00AFD650 /* ViewModel */,
				2044377D2ACD950600AFD650 /* Views */,
				2044377C2ACD94C700AFD650 /* Common */,
				202AF5512AC5C3C0009E75C8 /* Root */,
			);
			path = Core;
			sourceTree = "<group>";
		};
		202AF5502AC5C3BB009E75C8 /* Habit */ = {
			isa = PBXGroup;
			children = (
				20B7356E2ACBD0E60086E6FF /* HabitListView.swift */,
				20CE682E2AD008DE0064060E /* FilteredHabitsView.swift */,
				202AF5572AC5C5C5009E75C8 /* AddNewHabitView.swift */,
				204437762ACD328600AFD650 /* SubViews */,
			);
			path = Habit;
			sourceTree = "<group>";
		};
		202AF5512AC5C3C0009E75C8 /* Root */ = {
			isa = PBXGroup;
			children = (
			);
			path = Root;
			sourceTree = "<group>";
		};
		202AF5522AC5C420009E75C8 /* App */ = {
			isa = PBXGroup;
			children = (
				202AF53E2AC5C34D009E75C8 /* HabitTrackerApp.swift */,
			);
			path = App;
			sourceTree = "<group>";
		};
		202AF5532AC5C443009E75C8 /* Managers */ = {
			isa = PBXGroup;
			children = (
				20CE68282ACE93C00064060E /* NotificationManager.swift */,
			);
			path = Managers;
			sourceTree = "<group>";
		};
		202AF5542AC5C448009E75C8 /* Extension */ = {
			isa = PBXGroup;
			children = (
				2022AC942AD4089300F27AED /* Date+Extension.swift */,
			);
			path = Extension;
			sourceTree = "<group>";
		};
		202AF5552AC5C44F009E75C8 /* Styles */ = {
			isa = PBXGroup;
			children = (
			);
			path = Styles;
			sourceTree = "<group>";
		};
		202AF5562AC5C47B009E75C8 /* CustomControls */ = {
			isa = PBXGroup;
			children = (
				20CE682C2ACFE8E60064060E /* RoundedRectProgressBar.swift */,
				206066FD2AD7CD140012A0E5 /* PomodoroTimer.swift */,
				206067092AD91B020012A0E5 /* ProgressRing.swift */,
				206066FF2AD7F4CF0012A0E5 /* PomodoroTimerView.swift */,
				2060670B2AD920B40012A0E5 /* IconCircleButton.swift */,
				2060670D2AD9473E0012A0E5 /* CircularStepperView.swift */,
			);
			path = CustomControls;
			sourceTree = "<group>";
		};
		204437762ACD328600AFD650 /* SubViews */ = {
			isa = PBXGroup;
			children = (
				204437742ACD25ED00AFD650 /* FrequencyView.swift */,
				204437772ACD3A6300AFD650 /* RepeatView.swift */,
				204437792ACD91B100AFD650 /* TimeRangeView.swift */,
				2044377E2ACDA08200AFD650 /* RemainderView.swift */,
			);
			path = SubViews;
			sourceTree = "<group>";
		};
		2044377B2ACD94BE00AFD650 /* ViewModel */ = {
			isa = PBXGroup;
			children = (
				20B7356C2AC876E20086E6FF /* AddNewHabitViewModel.swift */,
				20CE682A2ACFC25A0064060E /* HabitListViewModel.swift */,
				206066FB2AD7C13A0012A0E5 /* HabitDetailViewModel.swift */,
			);
			path = ViewModel;
			sourceTree = "<group>";
		};
		2044377C2ACD94C700AFD650 /* Common */ = {
			isa = PBXGroup;
			children = (
			);
			path = Common;
			sourceTree = "<group>";
		};
		2044377D2ACD950600AFD650 /* Views */ = {
			isa = PBXGroup;
			children = (
				202AF5502AC5C3BB009E75C8 /* Habit */,
				206066F92AD7B2800012A0E5 /* HabitDetailView.swift */,
			);
			path = Views;
			sourceTree = "<group>";
		};
		207E7B8D2AC5ED36008CD6FD /* Providers */ = {
			isa = PBXGroup;
			children = (
				207E7B8E2AC5ED4D008CD6FD /* PersistenceController.swift */,
			);
			path = Providers;
			sourceTree = "<group>";
		};
/* End PBXGroup section */

/* Begin PBXNativeTarget section */
		202AF53A2AC5C34D009E75C8 /* HabitTracker */ = {
			isa = PBXNativeTarget;
			buildConfigurationList = 202AF5492AC5C34E009E75C8 /* Build configuration list for PBXNativeTarget "HabitTracker" */;
			buildPhases = (
				202AF5372AC5C34D009E75C8 /* Sources */,
				202AF5382AC5C34D009E75C8 /* Frameworks */,
				202AF5392AC5C34D009E75C8 /* Resources */,
			);
			buildRules = (
			);
			dependencies = (
			);
			name = HabitTracker;
			productName = HabitTracker;
			productReference = 202AF53B2AC5C34D009E75C8 /* HabitTracker.app */;
			productType = "com.apple.product-type.application";
		};
/* End PBXNativeTarget section */

/* Begin PBXProject section */
		202AF5332AC5C34C009E75C8 /* Project object */ = {
			isa = PBXProject;
			attributes = {
				BuildIndependentTargetsInParallel = 1;
				LastSwiftUpdateCheck = 1500;
				LastUpgradeCheck = 1500;
				TargetAttributes = {
					202AF53A2AC5C34D009E75C8 = {
						CreatedOnToolsVersion = 15.0;
					};
				};
			};
			buildConfigurationList = 202AF5362AC5C34C009E75C8 /* Build configuration list for PBXProject "HabitTracker" */;
			compatibilityVersion = "Xcode 14.0";
			developmentRegion = en;
			hasScannedForEncodings = 0;
			knownRegions = (
				en,
				Base,
			);
			mainGroup = 202AF5322AC5C34C009E75C8;
			productRefGroup = 202AF53C2AC5C34D009E75C8 /* Products */;
			projectDirPath = "";
			projectRoot = "";
			targets = (
				202AF53A2AC5C34D009E75C8 /* HabitTracker */,
			);
		};
/* End PBXProject section */

/* Begin PBXResourcesBuildPhase section */
		202AF5392AC5C34D009E75C8 /* Resources */ = {
			isa = PBXResourcesBuildPhase;
			buildActionMask = 2147483647;
			files = (
				202AF5462AC5C34E009E75C8 /* Preview Assets.xcassets in Resources */,
				202AF5432AC5C34E009E75C8 /* Assets.xcassets in Resources */,
			);
			runOnlyForDeploymentPostprocessing = 0;
		};
/* End PBXResourcesBuildPhase section */

/* Begin PBXSourcesBuildPhase section */
		202AF5372AC5C34D009E75C8 /* Sources */ = {
			isa = PBXSourcesBuildPhase;
			buildActionMask = 2147483647;
			files = (
				206066FE2AD7CD140012A0E5 /* PomodoroTimer.swift in Sources */,
				204437752ACD25EE00AFD650 /* FrequencyView.swift in Sources */,
				2060670A2AD91B020012A0E5 /* ProgressRing.swift in Sources */,
				20CE682D2ACFE8E60064060E /* RoundedRectProgressBar.swift in Sources */,
				20B7356D2AC876E20086E6FF /* AddNewHabitViewModel.swift in Sources */,
				20B735712ACBDA6C0086E6FF /* HabitEntity.swift in Sources */,
				20CE682B2ACFC25A0064060E /* HabitListViewModel.swift in Sources */,
				204437782ACD3A6300AFD650 /* RepeatView.swift in Sources */,
				206066FA2AD7B2800012A0E5 /* HabitDetailView.swift in Sources */,
				2044377A2ACD91B100AFD650 /* TimeRangeView.swift in Sources */,
				206067002AD7F4CF0012A0E5 /* PomodoroTimerView.swift in Sources */,
				20CE682F2AD008DE0064060E /* FilteredHabitsView.swift in Sources */,
				203780D42ACC3EDF005C2F33 /* Enums.swift in Sources */,
				203780D12ACC0E6E005C2F33 /* WeekDayEntity.swift in Sources */,
				202AF5582AC5C5C6009E75C8 /* AddNewHabitView.swift in Sources */,
				2060670C2AD920B40012A0E5 /* IconCircleButton.swift in Sources */,
				2044377F2ACDA08200AFD650 /* RemainderView.swift in Sources */,
				202AF5412AC5C34D009E75C8 /* ContentView.swift in Sources */,
				207E7B8C2AC5ED18008CD6FD /* HabitContainer.xcdatamodeld in Sources */,
				202AF53F2AC5C34D009E75C8 /* HabitTrackerApp.swift in Sources */,
				206066FC2AD7C13A0012A0E5 /* HabitDetailViewModel.swift in Sources */,
				20CE68292ACE93C00064060E /* NotificationManager.swift in Sources */,
				207E7B8F2AC5ED4D008CD6FD /* PersistenceController.swift in Sources */,
				2060670E2AD9473E0012A0E5 /* CircularStepperView.swift in Sources */,
				2022AC952AD4089300F27AED /* Date+Extension.swift in Sources */,
				20B7356F2ACBD0E60086E6FF /* HabitListView.swift in Sources */,
			);
			runOnlyForDeploymentPostprocessing = 0;
		};
/* End PBXSourcesBuildPhase section */

/* Begin XCBuildConfiguration section */
		202AF5472AC5C34E009E75C8 /* Debug */ = {
			isa = XCBuildConfiguration;
			buildSettings = {
				ALWAYS_SEARCH_USER_PATHS = NO;
				ASSETCATALOG_COMPILER_GENERATE_SWIFT_ASSET_SYMBOL_EXTENSIONS = YES;
				CLANG_ANALYZER_NONNULL = YES;
				CLANG_ANALYZER_NUMBER_OBJECT_CONVERSION = YES_AGGRESSIVE;
				CLANG_CXX_LANGUAGE_STANDARD = "gnu++20";
				CLANG_ENABLE_MODULES = YES;
				CLANG_ENABLE_OBJC_ARC = YES;
				CLANG_ENABLE_OBJC_WEAK = YES;
				CLANG_WARN_BLOCK_CAPTURE_AUTORELEASING = YES;
				CLANG_WARN_BOOL_CONVERSION = YES;
				CLANG_WARN_COMMA = YES;
				CLANG_WARN_CONSTANT_CONVERSION = YES;
				CLANG_WARN_DEPRECATED_OBJC_IMPLEMENTATIONS = YES;
				CLANG_WARN_DIRECT_OBJC_ISA_USAGE = YES_ERROR;
				CLANG_WARN_DOCUMENTATION_COMMENTS = YES;
				CLANG_WARN_EMPTY_BODY = YES;
				CLANG_WARN_ENUM_CONVERSION = YES;
				CLANG_WARN_INFINITE_RECURSION = YES;
				CLANG_WARN_INT_CONVERSION = YES;
				CLANG_WARN_NON_LITERAL_NULL_CONVERSION = YES;
				CLANG_WARN_OBJC_IMPLICIT_RETAIN_SELF = YES;
				CLANG_WARN_OBJC_LITERAL_CONVERSION = YES;
				CLANG_WARN_OBJC_ROOT_CLASS = YES_ERROR;
				CLANG_WARN_QUOTED_INCLUDE_IN_FRAMEWORK_HEADER = YES;
				CLANG_WARN_RANGE_LOOP_ANALYSIS = YES;
				CLANG_WARN_STRICT_PROTOTYPES = YES;
				CLANG_WARN_SUSPICIOUS_MOVE = YES;
				CLANG_WARN_UNGUARDED_AVAILABILITY = YES_AGGRESSIVE;
				CLANG_WARN_UNREACHABLE_CODE = YES;
				CLANG_WARN__DUPLICATE_METHOD_MATCH = YES;
				COPY_PHASE_STRIP = NO;
				DEBUG_INFORMATION_FORMAT = dwarf;
				ENABLE_STRICT_OBJC_MSGSEND = YES;
				ENABLE_TESTABILITY = YES;
				ENABLE_USER_SCRIPT_SANDBOXING = YES;
				GCC_C_LANGUAGE_STANDARD = gnu17;
				GCC_DYNAMIC_NO_PIC = NO;
				GCC_NO_COMMON_BLOCKS = YES;
				GCC_OPTIMIZATION_LEVEL = 0;
				GCC_PREPROCESSOR_DEFINITIONS = (
					"DEBUG=1",
					"$(inherited)",
				);
				GCC_WARN_64_TO_32_BIT_CONVERSION = YES;
				GCC_WARN_ABOUT_RETURN_TYPE = YES_ERROR;
				GCC_WARN_UNDECLARED_SELECTOR = YES;
				GCC_WARN_UNINITIALIZED_AUTOS = YES_AGGRESSIVE;
				GCC_WARN_UNUSED_FUNCTION = YES;
				GCC_WARN_UNUSED_VARIABLE = YES;
				IPHONEOS_DEPLOYMENT_TARGET = 17.0;
				LOCALIZATION_PREFERS_STRING_CATALOGS = YES;
				MTL_ENABLE_DEBUG_INFO = INCLUDE_SOURCE;
				MTL_FAST_MATH = YES;
				ONLY_ACTIVE_ARCH = YES;
				SDKROOT = iphoneos;
				SWIFT_ACTIVE_COMPILATION_CONDITIONS = "DEBUG $(inherited)";
				SWIFT_OPTIMIZATION_LEVEL = "-Onone";
			};
			name = Debug;
		};
		202AF5482AC5C34E009E75C8 /* Release */ = {
			isa = XCBuildConfiguration;
			buildSettings = {
				ALWAYS_SEARCH_USER_PATHS = NO;
				ASSETCATALOG_COMPILER_GENERATE_SWIFT_ASSET_SYMBOL_EXTENSIONS = YES;
				CLANG_ANALYZER_NONNULL = YES;
				CLANG_ANALYZER_NUMBER_OBJECT_CONVERSION = YES_AGGRESSIVE;
				CLANG_CXX_LANGUAGE_STANDARD = "gnu++20";
				CLANG_ENABLE_MODULES = YES;
				CLANG_ENABLE_OBJC_ARC = YES;
				CLANG_ENABLE_OBJC_WEAK = YES;
				CLANG_WARN_BLOCK_CAPTURE_AUTORELEASING = YES;
				CLANG_WARN_BOOL_CONVERSION = YES;
				CLANG_WARN_COMMA = YES;
				CLANG_WARN_CONSTANT_CONVERSION = YES;
				CLANG_WARN_DEPRECATED_OBJC_IMPLEMENTATIONS = YES;
				CLANG_WARN_DIRECT_OBJC_ISA_USAGE = YES_ERROR;
				CLANG_WARN_DOCUMENTATION_COMMENTS = YES;
				CLANG_WARN_EMPTY_BODY = YES;
				CLANG_WARN_ENUM_CONVERSION = YES;
				CLANG_WARN_INFINITE_RECURSION = YES;
				CLANG_WARN_INT_CONVERSION = YES;
				CLANG_WARN_NON_LITERAL_NULL_CONVERSION = YES;
				CLANG_WARN_OBJC_IMPLICIT_RETAIN_SELF = YES;
				CLANG_WARN_OBJC_LITERAL_CONVERSION = YES;
				CLANG_WARN_OBJC_ROOT_CLASS = YES_ERROR;
				CLANG_WARN_QUOTED_INCLUDE_IN_FRAMEWORK_HEADER = YES;
				CLANG_WARN_RANGE_LOOP_ANALYSIS = YES;
				CLANG_WARN_STRICT_PROTOTYPES = YES;
				CLANG_WARN_SUSPICIOUS_MOVE = YES;
				CLANG_WARN_UNGUARDED_AVAILABILITY = YES_AGGRESSIVE;
				CLANG_WARN_UNREACHABLE_CODE = YES;
				CLANG_WARN__DUPLICATE_METHOD_MATCH = YES;
				COPY_PHASE_STRIP = NO;
				DEBUG_INFORMATION_FORMAT = "dwarf-with-dsym";
				ENABLE_NS_ASSERTIONS = NO;
				ENABLE_STRICT_OBJC_MSGSEND = YES;
				ENABLE_USER_SCRIPT_SANDBOXING = YES;
				GCC_C_LANGUAGE_STANDARD = gnu17;
				GCC_NO_COMMON_BLOCKS = YES;
				GCC_WARN_64_TO_32_BIT_CONVERSION = YES;
				GCC_WARN_ABOUT_RETURN_TYPE = YES_ERROR;
				GCC_WARN_UNDECLARED_SELECTOR = YES;
				GCC_WARN_UNINITIALIZED_AUTOS = YES_AGGRESSIVE;
				GCC_WARN_UNUSED_FUNCTION = YES;
				GCC_WARN_UNUSED_VARIABLE = YES;
				IPHONEOS_DEPLOYMENT_TARGET = 17.0;
				LOCALIZATION_PREFERS_STRING_CATALOGS = YES;
				MTL_ENABLE_DEBUG_INFO = NO;
				MTL_FAST_MATH = YES;
				SDKROOT = iphoneos;
				SWIFT_COMPILATION_MODE = wholemodule;
				VALIDATE_PRODUCT = YES;
			};
			name = Release;
		};
		202AF54A2AC5C34E009E75C8 /* Debug */ = {
			isa = XCBuildConfiguration;
			buildSettings = {
				ASSETCATALOG_COMPILER_APPICON_NAME = AppIcon;
				ASSETCATALOG_COMPILER_GLOBAL_ACCENT_COLOR_NAME = AccentColor;
				CODE_SIGN_STYLE = Automatic;
				CURRENT_PROJECT_VERSION = 1;
				DEVELOPMENT_ASSET_PATHS = "\"HabitTracker/Preview Content\"";
				DEVELOPMENT_TEAM = ZPSVCH7SV3;
				ENABLE_PREVIEWS = YES;
				GENERATE_INFOPLIST_FILE = YES;
				INFOPLIST_KEY_UIApplicationSceneManifest_Generation = YES;
				INFOPLIST_KEY_UIApplicationSupportsIndirectInputEvents = YES;
				INFOPLIST_KEY_UILaunchScreen_Generation = YES;
				INFOPLIST_KEY_UISupportedInterfaceOrientations_iPad = "UIInterfaceOrientationPortrait UIInterfaceOrientationPortraitUpsideDown UIInterfaceOrientationLandscapeLeft UIInterfaceOrientationLandscapeRight";
				INFOPLIST_KEY_UISupportedInterfaceOrientations_iPhone = "UIInterfaceOrientationPortrait UIInterfaceOrientationLandscapeLeft UIInterfaceOrientationLandscapeRight";
				LD_RUNPATH_SEARCH_PATHS = (
					"$(inherited)",
					"@executable_path/Frameworks",
				);
				MARKETING_VERSION = 1.0;
				PRODUCT_BUNDLE_IDENTIFIER = com.infoapps.HabitTracker;
				PRODUCT_NAME = "$(TARGET_NAME)";
				SWIFT_EMIT_LOC_STRINGS = YES;
				SWIFT_VERSION = 5.0;
				TARGETED_DEVICE_FAMILY = "1,2";
			};
			name = Debug;
		};
		202AF54B2AC5C34E009E75C8 /* Release */ = {
			isa = XCBuildConfiguration;
			buildSettings = {
				ASSETCATALOG_COMPILER_APPICON_NAME = AppIcon;
				ASSETCATALOG_COMPILER_GLOBAL_ACCENT_COLOR_NAME = AccentColor;
				CODE_SIGN_STYLE = Automatic;
				CURRENT_PROJECT_VERSION = 1;
				DEVELOPMENT_ASSET_PATHS = "\"HabitTracker/Preview Content\"";
				DEVELOPMENT_TEAM = ZPSVCH7SV3;
				ENABLE_PREVIEWS = YES;
				GENERATE_INFOPLIST_FILE = YES;
				INFOPLIST_KEY_UIApplicationSceneManifest_Generation = YES;
				INFOPLIST_KEY_UIApplicationSupportsIndirectInputEvents = YES;
				INFOPLIST_KEY_UILaunchScreen_Generation = YES;
				INFOPLIST_KEY_UISupportedInterfaceOrientations_iPad = "UIInterfaceOrientationPortrait UIInterfaceOrientationPortraitUpsideDown UIInterfaceOrientationLandscapeLeft UIInterfaceOrientationLandscapeRight";
				INFOPLIST_KEY_UISupportedInterfaceOrientations_iPhone = "UIInterfaceOrientationPortrait UIInterfaceOrientationLandscapeLeft UIInterfaceOrientationLandscapeRight";
				LD_RUNPATH_SEARCH_PATHS = (
					"$(inherited)",
					"@executable_path/Frameworks",
				);
				MARKETING_VERSION = 1.0;
				PRODUCT_BUNDLE_IDENTIFIER = com.infoapps.HabitTracker;
				PRODUCT_NAME = "$(TARGET_NAME)";
				SWIFT_EMIT_LOC_STRINGS = YES;
				SWIFT_VERSION = 5.0;
				TARGETED_DEVICE_FAMILY = "1,2";
			};
			name = Release;
		};
/* End XCBuildConfiguration section */

/* Begin XCConfigurationList section */
		202AF5362AC5C34C009E75C8 /* Build configuration list for PBXProject "HabitTracker" */ = {
			isa = XCConfigurationList;
			buildConfigurations = (
				202AF5472AC5C34E009E75C8 /* Debug */,
				202AF5482AC5C34E009E75C8 /* Release */,
			);
			defaultConfigurationIsVisible = 0;
			defaultConfigurationName = Release;
		};
		202AF5492AC5C34E009E75C8 /* Build configuration list for PBXNativeTarget "HabitTracker" */ = {
			isa = XCConfigurationList;
			buildConfigurations = (
				202AF54A2AC5C34E009E75C8 /* Debug */,
				202AF54B2AC5C34E009E75C8 /* Release */,
			);
			defaultConfigurationIsVisible = 0;
			defaultConfigurationName = Release;
		};
/* End XCConfigurationList section */

/* Begin XCVersionGroup section */
		207E7B8A2AC5ED18008CD6FD /* HabitContainer.xcdatamodeld */ = {
			isa = XCVersionGroup;
			children = (
				207E7B8B2AC5ED18008CD6FD /* HabitContainer.xcdatamodel */,
			);
			currentVersion = 207E7B8B2AC5ED18008CD6FD /* HabitContainer.xcdatamodel */;
			path = HabitContainer.xcdatamodeld;
			sourceTree = "<group>";
			versionGroupType = wrapper.xcdatamodel;
		};
/* End XCVersionGroup section */
	};
	rootObject = 202AF5332AC5C34C009E75C8 /* Project object */;
}
